
Microsoft Visual Studio Solution File, Format Version 12.00
# Visual Studio Version 17
VisualStudioVersion = 17.4.33213.308
MinimumVisualStudioVersion = 10.0.40219.1
Project("{888888A0-9F3D-457C-B088-3A5042F75D52}") = "OEF5", "OEF5\OEF5.pyproj", "{3F5E8E0E-DA8E-45E9-8BC3-D4901871FAC0}"
EndProject
Global
	GlobalSection(SolutionConfigurationPlatforms) = preSolution
		Debug|Any CPU = Debug|Any CPU
		Release|Any CPU = Release|Any CPU
	EndGlobalSection
	GlobalSection(ProjectConfigurationPlatforms) = postSolution
		{3F5E8E0E-DA8E-45E9-8BC3-D4901871FAC0}.Debug|Any CPU.ActiveCfg = Debug|Any CPU
		{3F5E8E0E-DA8E-45E9-8BC3-D4901871FAC0}.Release|Any CPU.ActiveCfg = Release|Any CPU
	EndGlobalSection
	GlobalSection(SolutionProperties) = preSolution
		HideSolutionNode = FALSE
	EndGlobalSection
	GlobalSection(ExtensibilityGlobals) = postSolution
		SolutionGuid = {537DEC88-BF66-46C3-8888-0A0576D07316}
	EndGlobalSection
EndGlobal
